
Microsoft Visual Studio Solution File, Format Version 12.00
# Visual Studio Version 17
VisualStudioVersion = 17.4.33103.184
MinimumVisualStudioVersion = 10.0.40219.1
Project("{9A19103F-16F7-4668-BE54-9A1E7A4F7556}") = "mma.grpc.client", "mma.grpc.client\mma.grpc.client.csproj", "{1AA47F5F-C491-432E-80A9-4B968C1DE8F6}"
EndProject
Project("{9A19103F-16F7-4668-BE54-9A1E7A4F7556}") = "mma.grpc.server", "mma.grpc.server\mma.grpc.server.csproj", "{A483196F-A457-4D28-9F6E-52817FDCC1AE}"
EndProject
Project("{E53339B2-1760-4266-BCC7-CA923CBCF16C}") = "docker-compose", "docker-compose.dcproj", "{0065F37D-107A-40DA-ACC2-DF77DC26247E}"
EndProject
Global
	GlobalSection(SolutionConfigurationPlatforms) = preSolution
		Debug|Any CPU = Debug|Any CPU
		Release|Any CPU = Release|Any CPU
	EndGlobalSection
	GlobalSection(ProjectConfigurationPlatforms) = postSolution
		{1AA47F5F-C491-432E-80A9-4B968C1DE8F6}.Debug|Any CPU.ActiveCfg = Debug|Any CPU
		{1AA47F5F-C491-432E-80A9-4B968C1DE8F6}.Debug|Any CPU.Build.0 = Debug|Any CPU
		{1AA47F5F-C491-432E-80A9-4B968C1DE8F6}.Release|Any CPU.ActiveCfg = Release|Any CPU
		{1AA47F5F-C491-432E-80A9-4B968C1DE8F6}.Release|Any CPU.Build.0 = Release|Any CPU
		{A483196F-A457-4D28-9F6E-52817FDCC1AE}.Debug|Any CPU.ActiveCfg = Debug|Any CPU
		{A483196F-A457-4D28-9F6E-52817FDCC1AE}.Debug|Any CPU.Build.0 = Debug|Any CPU
		{A483196F-A457-4D28-9F6E-52817FDCC1AE}.Release|Any CPU.ActiveCfg = Release|Any CPU
		{A483196F-A457-4D28-9F6E-52817FDCC1AE}.Release|Any CPU.Build.0 = Release|Any CPU
		{0065F37D-107A-40DA-ACC2-DF77DC26247E}.Debug|Any CPU.ActiveCfg = Debug|Any CPU
		{0065F37D-107A-40DA-ACC2-DF77DC26247E}.Debug|Any CPU.Build.0 = Debug|Any CPU
		{0065F37D-107A-40DA-ACC2-DF77DC26247E}.Release|Any CPU.ActiveCfg = Release|Any CPU
		{0065F37D-107A-40DA-ACC2-DF77DC26247E}.Release|Any CPU.Build.0 = Release|Any CPU
	EndGlobalSection
	GlobalSection(SolutionProperties) = preSolution
		HideSolutionNode = FALSE
	EndGlobalSection
	GlobalSection(ExtensibilityGlobals) = postSolution
		SolutionGuid = {068D1348-5CE7-42EA-8028-4F435A471967}
	EndGlobalSection
EndGlobal
