
Microsoft Visual Studio Solution File, Format Version 12.00
# Visual Studio Version 16
VisualStudioVersion = 25.0.1703.7
MinimumVisualStudioVersion = 10.0.40219.1
Project("{FAE04EC0-301F-11D3-BF4B-00C04F79EFBC}") = "mma.server", "mma.server\mma.server.csproj", "{DEA8F36E-8867-4C78-B0C6-8052BDCEA8F2}"
EndProject
Project("{FAE04EC0-301F-11D3-BF4B-00C04F79EFBC}") = "mma.client", "mma.client\mma.client.csproj", "{E8A31BBF-D6E6-4074-9C21-E7B9BC441FEC}"
EndProject
Project("{FAE04EC0-301F-11D3-BF4B-00C04F79EFBC}") = "mma.model", "mma.model\mma.model.csproj", "{453FF701-1525-429C-A41D-B9CE72B00821}"
EndProject
Project("{FAE04EC0-301F-11D3-BF4B-00C04F79EFBC}") = "mma.common", "mma.common\mma.common.csproj", "{3B647B04-25B5-4B85-9957-C2D1D4A1F522}"
EndProject
Project("{E53339B2-1760-4266-BCC7-CA923CBCF16C}") = "docker-compose", "docker-compose.dcproj", "{AFD3D0C2-5B57-4D3F-9A55-B80EDA73B2D5}"
EndProject
Global
	GlobalSection(SolutionConfigurationPlatforms) = preSolution
		Debug|Any CPU = Debug|Any CPU
		Release|Any CPU = Release|Any CPU
	EndGlobalSection
	GlobalSection(ProjectConfigurationPlatforms) = postSolution
		{DEA8F36E-8867-4C78-B0C6-8052BDCEA8F2}.Debug|Any CPU.ActiveCfg = Debug|Any CPU
		{DEA8F36E-8867-4C78-B0C6-8052BDCEA8F2}.Debug|Any CPU.Build.0 = Debug|Any CPU
		{DEA8F36E-8867-4C78-B0C6-8052BDCEA8F2}.Release|Any CPU.ActiveCfg = Release|Any CPU
		{DEA8F36E-8867-4C78-B0C6-8052BDCEA8F2}.Release|Any CPU.Build.0 = Release|Any CPU
		{E8A31BBF-D6E6-4074-9C21-E7B9BC441FEC}.Debug|Any CPU.ActiveCfg = Debug|Any CPU
		{E8A31BBF-D6E6-4074-9C21-E7B9BC441FEC}.Debug|Any CPU.Build.0 = Debug|Any CPU
		{E8A31BBF-D6E6-4074-9C21-E7B9BC441FEC}.Release|Any CPU.ActiveCfg = Release|Any CPU
		{E8A31BBF-D6E6-4074-9C21-E7B9BC441FEC}.Release|Any CPU.Build.0 = Release|Any CPU
		{453FF701-1525-429C-A41D-B9CE72B00821}.Debug|Any CPU.ActiveCfg = Debug|Any CPU
		{453FF701-1525-429C-A41D-B9CE72B00821}.Debug|Any CPU.Build.0 = Debug|Any CPU
		{453FF701-1525-429C-A41D-B9CE72B00821}.Release|Any CPU.ActiveCfg = Release|Any CPU
		{453FF701-1525-429C-A41D-B9CE72B00821}.Release|Any CPU.Build.0 = Release|Any CPU
		{3B647B04-25B5-4B85-9957-C2D1D4A1F522}.Debug|Any CPU.ActiveCfg = Debug|Any CPU
		{3B647B04-25B5-4B85-9957-C2D1D4A1F522}.Debug|Any CPU.Build.0 = Debug|Any CPU
		{3B647B04-25B5-4B85-9957-C2D1D4A1F522}.Release|Any CPU.ActiveCfg = Release|Any CPU
		{3B647B04-25B5-4B85-9957-C2D1D4A1F522}.Release|Any CPU.Build.0 = Release|Any CPU
		{AFD3D0C2-5B57-4D3F-9A55-B80EDA73B2D5}.Debug|Any CPU.ActiveCfg = Debug|Any CPU
		{AFD3D0C2-5B57-4D3F-9A55-B80EDA73B2D5}.Debug|Any CPU.Build.0 = Debug|Any CPU
		{AFD3D0C2-5B57-4D3F-9A55-B80EDA73B2D5}.Release|Any CPU.ActiveCfg = Release|Any CPU
		{AFD3D0C2-5B57-4D3F-9A55-B80EDA73B2D5}.Release|Any CPU.Build.0 = Release|Any CPU
	EndGlobalSection
	GlobalSection(SolutionProperties) = preSolution
		HideSolutionNode = FALSE
	EndGlobalSection
	GlobalSection(ExtensibilityGlobals) = postSolution
		SolutionGuid = {BCA99D6A-1943-40EF-A38C-08F97A2A1083}
	EndGlobalSection
EndGlobal
